
Microsoft Visual Studio Solution File, Format Version 9.00
# Visual Studio 2005
Project("{8BC9CEB8-8B4A-11D0-8D11-00A0C91BC942}") = "Resurrection", "Resurrection.vcproj", "{D19B4F98-DD48-4DB2-B90A-E17B6FAA4260}"
EndProject
Global
	GlobalSection(SolutionConfigurationPlatforms) = preSolution
		Debug|Win32 = Debug|Win32
		Release|Win32 = Release|Win32
	EndGlobalSection
	GlobalSection(ProjectConfigurationPlatforms) = postSolution
		{D19B4F98-DD48-4DB2-B90A-E17B6FAA4260}.Debug|Win32.ActiveCfg = Debug|Win32
		{D19B4F98-DD48-4DB2-B90A-E17B6FAA4260}.Debug|Win32.Build.0 = Debug|Win32
		{D19B4F98-DD48-4DB2-B90A-E17B6FAA4260}.Release|Win32.ActiveCfg = Release|Win32
		{D19B4F98-DD48-4DB2-B90A-E17B6FAA4260}.Release|Win32.Build.0 = Release|Win32
	EndGlobalSection
	GlobalSection(SolutionProperties) = preSolution
		HideSolutionNode = FALSE
	EndGlobalSection
EndGlobal
